{
  "nodes": {
    "current": {
      "locked": {
        "lastModified": 1722372011,
        "narHash": "sha256-B2xRiC3NEJy/82ugtareBkRqEkPGpMyjaLxaR8LBxNs=",
        "owner": "NixOS",
        "repo": "nixpkgs",
        "rev": "cf05eeada35e122770c5c14add958790fcfcbef5",
        "type": "github"
      },
      "original": {
        "owner": "NixOS",
        "ref": "nixos-24.05",
        "repo": "nixpkgs",
        "type": "github"
      }
    },
    "nixpkgs": {
      "locked": {
        "lastModified": 1685004253,
        "narHash": "sha256-AbVL1nN/TDicUQ5wXZ8xdLERxz/eJr7+o8lqkIOVuaE=",
        "owner": "NixOS",
        "repo": "nixpkgs",
        "rev": "3e01645c40b92d29f3ae76344a6d654986a91a91",
        "type": "github"
      },
      "original": {
        "owner": "NixOS",
        "ref": "nixos-23.05",
        "repo": "nixpkgs",
        "type": "github"
      }
    },
    "root": {
      "inputs": {
        "current": "current",
        "nixpkgs": "nixpkgs"
      }
    }
  },
  "root": "root",
  "version": 7
}
